// !$*UTF8*$!
{
	archiveVersion = 1;
	classes = {
	};
	objectVersion = 50;
	objects = {

/* Begin PBXBuildFile section */
		842AAF31248485E800F45EC1 /* AppDelegate.m in Sources */ = {isa = PBXBuildFile; fileRef = 842AAF30248485E800F45EC1 /* AppDelegate.m */; };
		842AAF34248485E800F45EC1 /* SceneDelegate.m in Sources */ = {isa = PBXBuildFile; fileRef = 842AAF33248485E800F45EC1 /* SceneDelegate.m */; };
		842AAF37248485E800F45EC1 /* ViewController.m in Sources */ = {isa = PBXBuildFile; fileRef = 842AAF36248485E800F45EC1 /* ViewController.m */; };
		842AAF3A248485E800F45EC1 /* Main.storyboard in Resources */ = {isa = PBXBuildFile; fileRef = 842AAF38248485E800F45EC1 /* Main.storyboard */; };
		842AAF3C248485EB00F45EC1 /* Assets.xcassets in Resources */ = {isa = PBXBuildFile; fileRef = 842AAF3B248485EB00F45EC1 /* Assets.xcassets */; };
		842AAF3F248485EB00F45EC1 /* LaunchScreen.storyboard in Resources */ = {isa = PBXBuildFile; fileRef = 842AAF3D248485EB00F45EC1 /* LaunchScreen.storyboard */; };
		842AAF42248485EB00F45EC1 /* main.m in Sources */ = {isa = PBXBuildFile; fileRef = 842AAF41248485EB00F45EC1 /* main.m */; };
		842AAF4B24848AA600F45EC1 /* JSBridge.html in Resources */ = {isa = PBXBuildFile; fileRef = 842AAF4A24848AA600F45EC1 /* JSBridge.html */; };
/* End PBXBuildFile section */

/* Begin PBXFileReference section */
		842AAF2C248485E800F45EC1 /* JSBridgeAndiOS.app */ = {isa = PBXFileReference; explicitFileType = wrapper.application; includeInIndex = 0; path = JSBridgeAndiOS.app; sourceTree = BUILT_PRODUCTS_DIR; };
		842AAF2F248485E800F45EC1 /* AppDelegate.h */ = {isa = PBXFileReference; lastKnownFileType = sourcecode.c.h; path = AppDelegate.h; sourceTree = "<group>"; };
		842AAF30248485E800F45EC1 /* AppDelegate.m */ = {isa = PBXFileReference; lastKnownFileType = sourcecode.c.objc; path = AppDelegate.m; sourceTree = "<group>"; };
		842AAF32248485E800F45EC1 /* SceneDelegate.h */ = {isa = PBXFileReference; lastKnownFileType = sourcecode.c.h; path = SceneDelegate.h; sourceTree = "<group>"; };
		842AAF33248485E800F45EC1 /* SceneDelegate.m */ = {isa = PBXFileReference; lastKnownFileType = sourcecode.c.objc; path = SceneDelegate.m; sourceTree = "<group>"; };
		842AAF35248485E800F45EC1 /* ViewController.h */ = {isa = PBXFileReference; lastKnownFileType = sourcecode.c.h; path = ViewController.h; sourceTree = "<group>"; };
		842AAF36248485E800F45EC1 /* ViewController.m */ = {isa = PBXFileReference; lastKnownFileType = sourcecode.c.objc; path = ViewController.m; sourceTree = "<group>"; };
		842AAF39248485E800F45EC1 /* Base */ = {isa = PBXFileReference; lastKnownFileType = file.storyboard; name = Base; path = Base.lproj/Main.storyboard; sourceTree = "<group>"; };
		842AAF3B248485EB00F45EC1 /* Assets.xcassets */ = {isa = PBXFileReference; lastKnownFileType = folder.assetcatalog; path = Assets.xcassets; sourceTree = "<group>"; };
		842AAF3E248485EB00F45EC1 /* Base */ = {isa = PBXFileReference; lastKnownFileType = file.storyboard; name = Base; path = Base.lproj/LaunchScreen.storyboard; sourceTree = "<group>"; };
		842AAF40248485EB00F45EC1 /* Info.plist */ = {isa = PBXFileReference; lastKnownFileType = text.plist.xml; path = Info.plist; sourceTree = "<group>"; };
		842AAF41248485EB00F45EC1 /* main.m */ = {isa = PBXFileReference; lastKnownFileType = sourcecode.c.objc; path = main.m; sourceTree = "<group>"; };
		842AAF4A24848AA600F45EC1 /* JSBridge.html */ = {isa = PBXFileReference; fileEncoding = 4; lastKnownFileType = text.html; path = JSBridge.html; sourceTree = "<group>"; };
/* End PBXFileReference section */

/* Begin PBXFrameworksBuildPhase section */
		842AAF29248485E800F45EC1 /* Frameworks */ = {
			isa = PBXFrameworksBuildPhase;
			buildActionMask = 2147483647;
			files = (
			);
			runOnlyForDeploymentPostprocessing = 0;
		};
/* End PBXFrameworksBuildPhase section */

/* Begin PBXGroup section */
		842AAF23248485E800F45EC1 = {
			isa = PBXGroup;
			children = (
				842AAF2E248485E800F45EC1 /* JSBridgeAndiOS */,
				842AAF2D248485E800F45EC1 /* Products */,
			);
			sourceTree = "<group>";
		};
		842AAF2D248485E800F45EC1 /* Products */ = {
			isa = PBXGroup;
			children = (
				842AAF2C248485E800F45EC1 /* JSBridgeAndiOS.app */,
			);
			name = Products;
			sourceTree = "<group>";
		};
		842AAF2E248485E800F45EC1 /* JSBridgeAndiOS */ = {
			isa = PBXGroup;
			children = (
				842AAF2F248485E800F45EC1 /* AppDelegate.h */,
				842AAF30248485E800F45EC1 /* AppDelegate.m */,
				842AAF32248485E800F45EC1 /* SceneDelegate.h */,
				842AAF33248485E800F45EC1 /* SceneDelegate.m */,
				842AAF35248485E800F45EC1 /* ViewController.h */,
				842AAF36248485E800F45EC1 /* ViewController.m */,
				842AAF4A24848AA600F45EC1 /* JSBridge.html */,
				842AAF38248485E800F45EC1 /* Main.storyboard */,
				842AAF3B248485EB00F45EC1 /* Assets.xcassets */,
				842AAF3D248485EB00F45EC1 /* LaunchScreen.storyboard */,
				842AAF40248485EB00F45EC1 /* Info.plist */,
				842AAF41248485EB00F45EC1 /* main.m */,
			);
			path = JSBridgeAndiOS;
			sourceTree = "<group>";
		};
/* End PBXGroup section */

/* Begin PBXNativeTarget section */
		842AAF2B248485E800F45EC1 /* JSBridgeAndiOS */ = {
			isa = PBXNativeTarget;
			buildConfigurationList = 842AAF45248485EB00F45EC1 /* Build configuration list for PBXNativeTarget "JSBridgeAndiOS" */;
			buildPhases = (
				842AAF28248485E800F45EC1 /* Sources */,
				842AAF29248485E800F45EC1 /* Frameworks */,
				842AAF2A248485E800F45EC1 /* Resources */,
			);
			buildRules = (
			);
			dependencies = (
			);
			name = JSBridgeAndiOS;
			productName = JSBridgeAndiOS;
			productReference = 842AAF2C248485E800F45EC1 /* JSBridgeAndiOS.app */;
			productType = "com.apple.product-type.application";
		};
/* End PBXNativeTarget section */

/* Begin PBXProject section */
		842AAF24248485E800F45EC1 /* Project object */ = {
			isa = PBXProject;
			attributes = {
				LastUpgradeCheck = 1150;
				ORGANIZATIONNAME = admin;
				TargetAttributes = {
					842AAF2B248485E800F45EC1 = {
						CreatedOnToolsVersion = 11.5;
					};
				};
			};
			buildConfigurationList = 842AAF27248485E800F45EC1 /* Build configuration list for PBXProject "JSBridgeAndiOS" */;
			compatibilityVersion = "Xcode 9.3";
			developmentRegion = en;
			hasScannedForEncodings = 0;
			knownRegions = (
				en,
				Base,
			);
			mainGroup = 842AAF23248485E800F45EC1;
			productRefGroup = 842AAF2D248485E800F45EC1 /* Products */;
			projectDirPath = "";
			projectRoot = "";
			targets = (
				842AAF2B248485E800F45EC1 /* JSBridgeAndiOS */,
			);
		};
/* End PBXProject section */

/* Begin PBXResourcesBuildPhase section */
		842AAF2A248485E800F45EC1 /* Resources */ = {
			isa = PBXResourcesBuildPhase;
			buildActionMask = 2147483647;
			files = (
				842AAF3F248485EB00F45EC1 /* LaunchScreen.storyboard in Resources */,
				842AAF3C248485EB00F45EC1 /* Assets.xcassets in Resources */,
				842AAF4B24848AA600F45EC1 /* JSBridge.html in Resources */,
				842AAF3A248485E800F45EC1 /* Main.storyboard in Resources */,
			);
			runOnlyForDeploymentPostprocessing = 0;
		};
/* End PBXResourcesBuildPhase section */

/* Begin PBXSourcesBuildPhase section */
		842AAF28248485E800F45EC1 /* Sources */ = {
			isa = PBXSourcesBuildPhase;
			buildActionMask = 2147483647;
			files = (
				842AAF37248485E800F45EC1 /* ViewController.m in Sources */,
				842AAF31248485E800F45EC1 /* AppDelegate.m in Sources */,
				842AAF42248485EB00F45EC1 /* main.m in Sources */,
				842AAF34248485E800F45EC1 /* SceneDelegate.m in Sources */,
			);
			runOnlyForDeploymentPostprocessing = 0;
		};
/* End PBXSourcesBuildPhase section */

/* Begin PBXVariantGroup section */
		842AAF38248485E800F45EC1 /* Main.storyboard */ = {
			isa = PBXVariantGroup;
			children = (
				842AAF39248485E800F45EC1 /* Base */,
			);
			name = Main.storyboard;
			sourceTree = "<group>";
		};
		842AAF3D248485EB00F45EC1 /* LaunchScreen.storyboard */ = {
			isa = PBXVariantGroup;
			children = (
				842AAF3E248485EB00F45EC1 /* Base */,
			);
			name = LaunchScreen.storyboard;
			sourceTree = "<group>";
		};
/* End PBXVariantGroup section */

/* Begin XCBuildConfiguration section */
		842AAF43248485EB00F45EC1 /* Debug */ = {
			isa = XCBuildConfiguration;
			buildSettings = {
				ALWAYS_SEARCH_USER_PATHS = NO;
				CLANG_ANALYZER_NONNULL = YES;
				CLANG_ANALYZER_NUMBER_OBJECT_CONVERSION = YES_AGGRESSIVE;
				CLANG_CXX_LANGUAGE_STANDARD = "gnu++14";
				CLANG_CXX_LIBRARY = "libc++";
				CLANG_ENABLE_MODULES = YES;
				CLANG_ENABLE_OBJC_ARC = YES;
				CLANG_ENABLE_OBJC_WEAK = YES;
				CLANG_WARN_BLOCK_CAPTURE_AUTORELEASING = YES;
				CLANG_WARN_BOOL_CONVERSION = YES;
				CLANG_WARN_COMMA = YES;
				CLANG_WARN_CONSTANT_CONVERSION = YES;
				CLANG_WARN_DEPRECATED_OBJC_IMPLEMENTATIONS = YES;
				CLANG_WARN_DIRECT_OBJC_ISA_USAGE = YES_ERROR;
				CLANG_WARN_DOCUMENTATION_COMMENTS = YES;
				CLANG_WARN_EMPTY_BODY = YES;
				CLANG_WARN_ENUM_CONVERSION = YES;
				CLANG_WARN_INFINITE_RECURSION = YES;
				CLANG_WARN_INT_CONVERSION = YES;
				CLANG_WARN_NON_LITERAL_NULL_CONVERSION = YES;
				CLANG_WARN_OBJC_IMPLICIT_RETAIN_SELF = YES;
				CLANG_WARN_OBJC_LITERAL_CONVERSION = YES;
				CLANG_WARN_OBJC_ROOT_CLASS = YES_ERROR;
				CLANG_WARN_RANGE_LOOP_ANALYSIS = YES;
				CLANG_WARN_STRICT_PROTOTYPES = YES;
				CLANG_WARN_SUSPICIOUS_MOVE = YES;
				CLANG_WARN_UNGUARDED_AVAILABILITY = YES_AGGRESSIVE;
				CLANG_WARN_UNREACHABLE_CODE = YES;
				CLANG_WARN__DUPLICATE_METHOD_MATCH = YES;
				COPY_PHASE_STRIP = NO;
				DEBUG_INFORMATION_FORMAT = dwarf;
				ENABLE_STRICT_OBJC_MSGSEND = YES;
				ENABLE_TESTABILITY = YES;
				GCC_C_LANGUAGE_STANDARD = gnu11;
				GCC_DYNAMIC_NO_PIC = NO;
				GCC_NO_COMMON_BLOCKS = YES;
				GCC_OPTIMIZATION_LEVEL = 0;
				GCC_PREPROCESSOR_DEFINITIONS = (
					"DEBUG=1",
					"$(inherited)",
				);
				GCC_WARN_64_TO_32_BIT_CONVERSION = YES;
				GCC_WARN_ABOUT_RETURN_TYPE = YES_ERROR;
				GCC_WARN_UNDECLARED_SELECTOR = YES;
				GCC_WARN_UNINITIALIZED_AUTOS = YES_AGGRESSIVE;
				GCC_WARN_UNUSED_FUNCTION = YES;
				GCC_WARN_UNUSED_VARIABLE = YES;
				IPHONEOS_DEPLOYMENT_TARGET = 13.5;
				MTL_ENABLE_DEBUG_INFO = INCLUDE_SOURCE;
				MTL_FAST_MATH = YES;
				ONLY_ACTIVE_ARCH = YES;
				SDKROOT = iphoneos;
			};
			name = Debug;
		};
		842AAF44248485EB00F45EC1 /* Release */ = {
			isa = XCBuildConfiguration;
			buildSettings = {
				ALWAYS_SEARCH_USER_PATHS = NO;
				CLANG_ANALYZER_NONNULL = YES;
				CLANG_ANALYZER_NUMBER_OBJECT_CONVERSION = YES_AGGRESSIVE;
				CLANG_CXX_LANGUAGE_STANDARD = "gnu++14";
				CLANG_CXX_LIBRARY = "libc++";
				CLANG_ENABLE_MODULES = YES;
				CLANG_ENABLE_OBJC_ARC = YES;
				CLANG_ENABLE_OBJC_WEAK = YES;
				CLANG_WARN_BLOCK_CAPTURE_AUTORELEASING = YES;
				CLANG_WARN_BOOL_CONVERSION = YES;
				CLANG_WARN_COMMA = YES;
				CLANG_WARN_CONSTANT_CONVERSION = YES;
				CLANG_WARN_DEPRECATED_OBJC_IMPLEMENTATIONS = YES;
				CLANG_WARN_DIRECT_OBJC_ISA_USAGE = YES_ERROR;
				CLANG_WARN_DOCUMENTATION_COMMENTS = YES;
				CLANG_WARN_EMPTY_BODY = YES;
				CLANG_WARN_ENUM_CONVERSION = YES;
				CLANG_WARN_INFINITE_RECURSION = YES;
				CLANG_WARN_INT_CONVERSION = YES;
				CLANG_WARN_NON_LITERAL_NULL_CONVERSION = YES;
				CLANG_WARN_OBJC_IMPLICIT_RETAIN_SELF = YES;
				CLANG_WARN_OBJC_LITERAL_CONVERSION = YES;
				CLANG_WARN_OBJC_ROOT_CLASS = YES_ERROR;
				CLANG_WARN_RANGE_LOOP_ANALYSIS = YES;
				CLANG_WARN_STRICT_PROTOTYPES = YES;
				CLANG_WARN_SUSPICIOUS_MOVE = YES;
				CLANG_WARN_UNGUARDED_AVAILABILITY = YES_AGGRESSIVE;
				CLANG_WARN_UNREACHABLE_CODE = YES;
				CLANG_WARN__DUPLICATE_METHOD_MATCH = YES;
				COPY_PHASE_STRIP = NO;
				DEBUG_INFORMATION_FORMAT = "dwarf-with-dsym";
				ENABLE_NS_ASSERTIONS = NO;
				ENABLE_STRICT_OBJC_MSGSEND = YES;
				GCC_C_LANGUAGE_STANDARD = gnu11;
				GCC_NO_COMMON_BLOCKS = YES;
				GCC_WARN_64_TO_32_BIT_CONVERSION = YES;
				GCC_WARN_ABOUT_RETURN_TYPE = YES_ERROR;
				GCC_WARN_UNDECLARED_SELECTOR = YES;
				GCC_WARN_UNINITIALIZED_AUTOS = YES_AGGRESSIVE;
				GCC_WARN_UNUSED_FUNCTION = YES;
				GCC_WARN_UNUSED_VARIABLE = YES;
				IPHONEOS_DEPLOYMENT_TARGET = 13.5;
				MTL_ENABLE_DEBUG_INFO = NO;
				MTL_FAST_MATH = YES;
				SDKROOT = iphoneos;
				VALIDATE_PRODUCT = YES;
			};
			name = Release;
		};
		842AAF46248485EB00F45EC1 /* Debug */ = {
			isa = XCBuildConfiguration;
			buildSettings = {
				ASSETCATALOG_COMPILER_APPICON_NAME = AppIcon;
				CODE_SIGN_STYLE = Automatic;
				DEVELOPMENT_TEAM = BYR72B64W9;
				INFOPLIST_FILE = JSBridgeAndiOS/Info.plist;
				LD_RUNPATH_SEARCH_PATHS = (
					"$(inherited)",
					"@executable_path/Frameworks",
				);
				PRODUCT_BUNDLE_IDENTIFIER = com.yuantu.JSBridgeAndiOS;
				PRODUCT_NAME = "$(TARGET_NAME)";
				TARGETED_DEVICE_FAMILY = "1,2";
			};
			name = Debug;
		};
		842AAF47248485EB00F45EC1 /* Release */ = {
			isa = XCBuildConfiguration;
			buildSettings = {
				ASSETCATALOG_COMPILER_APPICON_NAME = AppIcon;
				CODE_SIGN_STYLE = Automatic;
				DEVELOPMENT_TEAM = BYR72B64W9;
				INFOPLIST_FILE = JSBridgeAndiOS/Info.plist;
				LD_RUNPATH_SEARCH_PATHS = (
					"$(inherited)",
					"@executable_path/Frameworks",
				);
				PRODUCT_BUNDLE_IDENTIFIER = com.yuantu.JSBridgeAndiOS;
				PRODUCT_NAME = "$(TARGET_NAME)";
				TARGETED_DEVICE_FAMILY = "1,2";
			};
			name = Release;
		};
/* End XCBuildConfiguration section */

/* Begin XCConfigurationList section */
		842AAF27248485E800F45EC1 /* Build configuration list for PBXProject "JSBridgeAndiOS" */ = {
			isa = XCConfigurationList;
			buildConfigurations = (
				842AAF43248485EB00F45EC1 /* Debug */,
				842AAF44248485EB00F45EC1 /* Release */,
			);
			defaultConfigurationIsVisible = 0;
			defaultConfigurationName = Release;
		};
		842AAF45248485EB00F45EC1 /* Build configuration list for PBXNativeTarget "JSBridgeAndiOS" */ = {
			isa = XCConfigurationList;
			buildConfigurations = (
				842AAF46248485EB00F45EC1 /* Debug */,
				842AAF47248485EB00F45EC1 /* Release */,
			);
			defaultConfigurationIsVisible = 0;
			defaultConfigurationName = Release;
		};
/* End XCConfigurationList section */
	};
	rootObject = 842AAF24248485E800F45EC1 /* Project object */;
}
